
Microsoft Visual Studio Solution File, Format Version 12.00
# Visual Studio 15
VisualStudioVersion = 15.0.27004.2002
MinimumVisualStudioVersion = 10.0.40219.1
Project("{9A19103F-16F7-4668-BE54-9A1E7A4F7556}") = "StudentSystem2.Client", "StudentSystem2.Client\StudentSystem2.Client.csproj", "{7B52A8A5-DE29-4537-A2BF-72600862EEC1}"
EndProject
Project("{FAE04EC0-301F-11D3-BF4B-00C04F79EFBC}") = "StudentSystem2.Data", "StudentSystem2.Data\StudentSystem2.Data.csproj", "{796B6902-42A8-4F1D-A86B-04652AD883BA}"
EndProject
Project("{FAE04EC0-301F-11D3-BF4B-00C04F79EFBC}") = "StudentSystem2.Domain", "StudentSystem2.Domain\StudentSystem2.Domain.csproj", "{09A5982C-B148-4603-B2DB-56850C135287}"
EndProject
Global
	GlobalSection(SolutionConfigurationPlatforms) = preSolution
		Debug|Any CPU = Debug|Any CPU
		Release|Any CPU = Release|Any CPU
	EndGlobalSection
	GlobalSection(ProjectConfigurationPlatforms) = postSolution
		{7B52A8A5-DE29-4537-A2BF-72600862EEC1}.Debug|Any CPU.ActiveCfg = Debug|Any CPU
		{7B52A8A5-DE29-4537-A2BF-72600862EEC1}.Debug|Any CPU.Build.0 = Debug|Any CPU
		{7B52A8A5-DE29-4537-A2BF-72600862EEC1}.Release|Any CPU.ActiveCfg = Release|Any CPU
		{7B52A8A5-DE29-4537-A2BF-72600862EEC1}.Release|Any CPU.Build.0 = Release|Any CPU
		{796B6902-42A8-4F1D-A86B-04652AD883BA}.Debug|Any CPU.ActiveCfg = Debug|Any CPU
		{796B6902-42A8-4F1D-A86B-04652AD883BA}.Debug|Any CPU.Build.0 = Debug|Any CPU
		{796B6902-42A8-4F1D-A86B-04652AD883BA}.Release|Any CPU.ActiveCfg = Release|Any CPU
		{796B6902-42A8-4F1D-A86B-04652AD883BA}.Release|Any CPU.Build.0 = Release|Any CPU
		{09A5982C-B148-4603-B2DB-56850C135287}.Debug|Any CPU.ActiveCfg = Debug|Any CPU
		{09A5982C-B148-4603-B2DB-56850C135287}.Debug|Any CPU.Build.0 = Debug|Any CPU
		{09A5982C-B148-4603-B2DB-56850C135287}.Release|Any CPU.ActiveCfg = Release|Any CPU
		{09A5982C-B148-4603-B2DB-56850C135287}.Release|Any CPU.Build.0 = Release|Any CPU
	EndGlobalSection
	GlobalSection(SolutionProperties) = preSolution
		HideSolutionNode = FALSE
	EndGlobalSection
	GlobalSection(ExtensibilityGlobals) = postSolution
		SolutionGuid = {1DBE046B-E624-4D05-BBC8-21B2B8B12619}
	EndGlobalSection
EndGlobal
